Microsoft Visual Studio Solution File, Format Version 12.00
# Visual Studio Version 17
VisualStudioVersion = 17.5.2.0
MinimumVisualStudioVersion = 10.0.40219.1
Project("{2150E333-8FDC-42A3-9474-1A3956D46DE8}") = "PedidosVenda", "PedidosVenda", "{EFADB90A-0AD5-F652-FE6D-C2068E5E617A}"
EndProject
Project("{2150E333-8FDC-42A3-9474-1A3956D46DE8}") = "src", "src", "{BEE577C1-3D59-BED2-1D87-D0BA362DEA79}"
EndProject
Project("{FAE04EC0-301F-11D3-BF4B-00C04F79EFBC}") = "PedidosVenda", "PedidosVenda\src\PedidosVenda\PedidosVenda.csproj", "{4FACC303-5077-8733-0EC8-D841B308F9B5}"
EndProject
Global
	GlobalSection(SolutionConfigurationPlatforms) = preSolution
		Debug|Any CPU = Debug|Any CPU
		Release|Any CPU = Release|Any CPU
	EndGlobalSection
	GlobalSection(ProjectConfigurationPlatforms) = postSolution
		{4FACC303-5077-8733-0EC8-D841B308F9B5}.Debug|Any CPU.ActiveCfg = Debug|Any CPU
		{4FACC303-5077-8733-0EC8-D841B308F9B5}.Debug|Any CPU.Build.0 = Debug|Any CPU
		{4FACC303-5077-8733-0EC8-D841B308F9B5}.Release|Any CPU.ActiveCfg = Release|Any CPU
		{4FACC303-5077-8733-0EC8-D841B308F9B5}.Release|Any CPU.Build.0 = Release|Any CPU
	EndGlobalSection
	GlobalSection(SolutionProperties) = preSolution
		HideSolutionNode = FALSE
	EndGlobalSection
	GlobalSection(NestedProjects) = preSolution
		{BEE577C1-3D59-BED2-1D87-D0BA362DEA79} = {EFADB90A-0AD5-F652-FE6D-C2068E5E617A}
		{4FACC303-5077-8733-0EC8-D841B308F9B5} = {BEE577C1-3D59-BED2-1D87-D0BA362DEA79}
	EndGlobalSection
	GlobalSection(ExtensibilityGlobals) = postSolution
		SolutionGuid = {E95DA5BE-60B0-4B30-AFFB-FA04AC6A5D4C}
	EndGlobalSection
EndGlobal
